
Microsoft Visual Studio Solution File, Format Version 12.00
# Visual Studio Version 17
VisualStudioVersion = 17.8.34330.188
MinimumVisualStudioVersion = 10.0.40219.1
Project("{FAE04EC0-301F-11D3-BF4B-00C04F79EFBC}") = "PhoneAuth", "PhoneAuth.csproj", "{B4A7A1DD-E861-4918-88FC-C7EE5FA7E936}"
EndProject
Global
	GlobalSection(SolutionConfigurationPlatforms) = preSolution
		Debug|Any CPU = Debug|Any CPU
		Release|Any CPU = Release|Any CPU
	EndGlobalSection
	GlobalSection(ProjectConfigurationPlatforms) = postSolution
		{B4A7A1DD-E861-4918-88FC-C7EE5FA7E936}.Debug|Any CPU.ActiveCfg = Debug|Any CPU
		{B4A7A1DD-E861-4918-88FC-C7EE5FA7E936}.Debug|Any CPU.Build.0 = Debug|Any CPU
		{B4A7A1DD-E861-4918-88FC-C7EE5FA7E936}.Debug|Any CPU.Deploy.0 = Debug|Any CPU
		{B4A7A1DD-E861-4918-88FC-C7EE5FA7E936}.Release|Any CPU.ActiveCfg = Release|Any CPU
		{B4A7A1DD-E861-4918-88FC-C7EE5FA7E936}.Release|Any CPU.Build.0 = Release|Any CPU
		{B4A7A1DD-E861-4918-88FC-C7EE5FA7E936}.Release|Any CPU.Deploy.0 = Release|Any CPU
	EndGlobalSection
	GlobalSection(SolutionProperties) = preSolution
		HideSolutionNode = FALSE
	EndGlobalSection
	GlobalSection(ExtensibilityGlobals) = postSolution
		SolutionGuid = {5BA91DCB-3D24-4665-8EEE-0E7CCFD9B2F2}
	EndGlobalSection
EndGlobal
